// !$*UTF8*$!
{
	archiveVersion = 1;
	classes = {
	};
	objectVersion = 56;
	objects = {

/* Begin PBXBuildFile section */
		213851AA28FC78F90091BE94 /* HistogramLevels.swift in Sources */ = {isa = PBXBuildFile; fileRef = 213851A928FC78F90091BE94 /* HistogramLevels.swift */; };
		213851AC28FC790C0091BE94 /* WrappedImage.swift in Sources */ = {isa = PBXBuildFile; fileRef = 213851AB28FC790C0091BE94 /* WrappedImage.swift */; };
		213851AE28FC79220091BE94 /* ImageProcessMethod.swift in Sources */ = {isa = PBXBuildFile; fileRef = 213851AD28FC79220091BE94 /* ImageProcessMethod.swift */; };
		215BDC7928FA095800E460B4 /* MainView.swift in Sources */ = {isa = PBXBuildFile; fileRef = 215BDC7828FA095800E460B4 /* MainView.swift */; };
		215BDC7B28FA138B00E460B4 /* ImageInfoView.swift in Sources */ = {isa = PBXBuildFile; fileRef = 215BDC7A28FA138B00E460B4 /* ImageInfoView.swift */; };
		215BDC7E28FAE2A100E460B4 /* VImageWrapper.swift in Sources */ = {isa = PBXBuildFile; fileRef = 215BDC7D28FAE2A100E460B4 /* VImageWrapper.swift */; };
		215BDC8028FAE48500E460B4 /* Notes in Resources */ = {isa = PBXBuildFile; fileRef = 215BDC7F28FAE48500E460B4 /* Notes */; };
		21B50BF828F9FFF9001DB5B9 /* PictureEditorApp.swift in Sources */ = {isa = PBXBuildFile; fileRef = 21B50BF728F9FFF9001DB5B9 /* PictureEditorApp.swift */; };
		21B50BFA28F9FFF9001DB5B9 /* ContentView.swift in Sources */ = {isa = PBXBuildFile; fileRef = 21B50BF928F9FFF9001DB5B9 /* ContentView.swift */; };
		21B50BFC28F9FFFA001DB5B9 /* Assets.xcassets in Resources */ = {isa = PBXBuildFile; fileRef = 21B50BFB28F9FFFA001DB5B9 /* Assets.xcassets */; };
		21B50BFF28F9FFFA001DB5B9 /* Preview Assets.xcassets in Resources */ = {isa = PBXBuildFile; fileRef = 21B50BFE28F9FFFA001DB5B9 /* Preview Assets.xcassets */; };
		21B50C0128F9FFFA001DB5B9 /* Persistence.swift in Sources */ = {isa = PBXBuildFile; fileRef = 21B50C0028F9FFFA001DB5B9 /* Persistence.swift */; };
		21B50C0428F9FFFA001DB5B9 /* PictureEditor.xcdatamodeld in Sources */ = {isa = PBXBuildFile; fileRef = 21B50C0228F9FFFA001DB5B9 /* PictureEditor.xcdatamodeld */; };
		21B50C0E28F9FFFA001DB5B9 /* PictureEditorTests.swift in Sources */ = {isa = PBXBuildFile; fileRef = 21B50C0D28F9FFFA001DB5B9 /* PictureEditorTests.swift */; };
		21B50C1828F9FFFA001DB5B9 /* PictureEditorUITests.swift in Sources */ = {isa = PBXBuildFile; fileRef = 21B50C1728F9FFFA001DB5B9 /* PictureEditorUITests.swift */; };
		21B50C1A28F9FFFA001DB5B9 /* PictureEditorUITestsLaunchTests.swift in Sources */ = {isa = PBXBuildFile; fileRef = 21B50C1928F9FFFA001DB5B9 /* PictureEditorUITestsLaunchTests.swift */; };
/* End PBXBuildFile section */

/* Begin PBXContainerItemProxy section */
		21B50C0A28F9FFFA001DB5B9 /* PBXContainerItemProxy */ = {
			isa = PBXContainerItemProxy;
			containerPortal = 21B50BEC28F9FFF9001DB5B9 /* Project object */;
			proxyType = 1;
			remoteGlobalIDString = 21B50BF328F9FFF9001DB5B9;
			remoteInfo = PictureEditor;
		};
		21B50C1428F9FFFA001DB5B9 /* PBXContainerItemProxy */ = {
			isa = PBXContainerItemProxy;
			containerPortal = 21B50BEC28F9FFF9001DB5B9 /* Project object */;
			proxyType = 1;
			remoteGlobalIDString = 21B50BF328F9FFF9001DB5B9;
			remoteInfo = PictureEditor;
		};
/* End PBXContainerItemProxy section */

/* Begin PBXFileReference section */
		213851A928FC78F90091BE94 /* HistogramLevels.swift */ = {isa = PBXFileReference; lastKnownFileType = sourcecode.swift; path = HistogramLevels.swift; sourceTree = "<group>"; };
		213851AB28FC790C0091BE94 /* WrappedImage.swift */ = {isa = PBXFileReference; lastKnownFileType = sourcecode.swift; path = WrappedImage.swift; sourceTree = "<group>"; };
		213851AD28FC79220091BE94 /* ImageProcessMethod.swift */ = {isa = PBXFileReference; lastKnownFileType = sourcecode.swift; path = ImageProcessMethod.swift; sourceTree = "<group>"; };
		215BDC7828FA095800E460B4 /* MainView.swift */ = {isa = PBXFileReference; lastKnownFileType = sourcecode.swift; path = MainView.swift; sourceTree = "<group>"; };
		215BDC7A28FA138B00E460B4 /* ImageInfoView.swift */ = {isa = PBXFileReference; lastKnownFileType = sourcecode.swift; path = ImageInfoView.swift; sourceTree = "<group>"; };
		215BDC7D28FAE2A100E460B4 /* VImageWrapper.swift */ = {isa = PBXFileReference; lastKnownFileType = sourcecode.swift; path = VImageWrapper.swift; sourceTree = "<group>"; };
		215BDC7F28FAE48500E460B4 /* Notes */ = {isa = PBXFileReference; lastKnownFileType = text; path = Notes; sourceTree = "<group>"; };
		21B50BF428F9FFF9001DB5B9 /* PictureEditor.app */ = {isa = PBXFileReference; explicitFileType = wrapper.application; includeInIndex = 0; path = PictureEditor.app; sourceTree = BUILT_PRODUCTS_DIR; };
		21B50BF728F9FFF9001DB5B9 /* PictureEditorApp.swift */ = {isa = PBXFileReference; lastKnownFileType = sourcecode.swift; path = PictureEditorApp.swift; sourceTree = "<group>"; };
		21B50BF928F9FFF9001DB5B9 /* ContentView.swift */ = {isa = PBXFileReference; lastKnownFileType = sourcecode.swift; path = ContentView.swift; sourceTree = "<group>"; };
		21B50BFB28F9FFFA001DB5B9 /* Assets.xcassets */ = {isa = PBXFileReference; lastKnownFileType = folder.assetcatalog; path = Assets.xcassets; sourceTree = "<group>"; };
		21B50BFE28F9FFFA001DB5B9 /* Preview Assets.xcassets */ = {isa = PBXFileReference; lastKnownFileType = folder.assetcatalog; path = "Preview Assets.xcassets"; sourceTree = "<group>"; };
		21B50C0028F9FFFA001DB5B9 /* Persistence.swift */ = {isa = PBXFileReference; lastKnownFileType = sourcecode.swift; path = Persistence.swift; sourceTree = "<group>"; };
		21B50C0328F9FFFA001DB5B9 /* PictureEditor.xcdatamodel */ = {isa = PBXFileReference; lastKnownFileType = wrapper.xcdatamodel; path = PictureEditor.xcdatamodel; sourceTree = "<group>"; };
		21B50C0928F9FFFA001DB5B9 /* PictureEditorTests.xctest */ = {isa = PBXFileReference; explicitFileType = wrapper.cfbundle; includeInIndex = 0; path = PictureEditorTests.xctest; sourceTree = BUILT_PRODUCTS_DIR; };
		21B50C0D28F9FFFA001DB5B9 /* PictureEditorTests.swift */ = {isa = PBXFileReference; lastKnownFileType = sourcecode.swift; path = PictureEditorTests.swift; sourceTree = "<group>"; };
		21B50C1328F9FFFA001DB5B9 /* PictureEditorUITests.xctest */ = {isa = PBXFileReference; explicitFileType = wrapper.cfbundle; includeInIndex = 0; path = PictureEditorUITests.xctest; sourceTree = BUILT_PRODUCTS_DIR; };
		21B50C1728F9FFFA001DB5B9 /* PictureEditorUITests.swift */ = {isa = PBXFileReference; lastKnownFileType = sourcecode.swift; path = PictureEditorUITests.swift; sourceTree = "<group>"; };
		21B50C1928F9FFFA001DB5B9 /* PictureEditorUITestsLaunchTests.swift */ = {isa = PBXFileReference; lastKnownFileType = sourcecode.swift; path = PictureEditorUITestsLaunchTests.swift; sourceTree = "<group>"; };
/* End PBXFileReference section */

/* Begin PBXFrameworksBuildPhase section */
		21B50BF128F9FFF9001DB5B9 /* Frameworks */ = {
			isa = PBXFrameworksBuildPhase;
			buildActionMask = 2147483647;
			files = (
			);
			runOnlyForDeploymentPostprocessing = 0;
		};
		21B50C0628F9FFFA001DB5B9 /* Frameworks */ = {
			isa = PBXFrameworksBuildPhase;
			buildActionMask = 2147483647;
			files = (
			);
			runOnlyForDeploymentPostprocessing = 0;
		};
		21B50C1028F9FFFA001DB5B9 /* Frameworks */ = {
			isa = PBXFrameworksBuildPhase;
			buildActionMask = 2147483647;
			files = (
			);
			runOnlyForDeploymentPostprocessing = 0;
		};
/* End PBXFrameworksBuildPhase section */

/* Begin PBXGroup section */
		215BDC7728FA091A00E460B4 /* CoreData */ = {
			isa = PBXGroup;
			children = (
				21B50C0028F9FFFA001DB5B9 /* Persistence.swift */,
				21B50BF928F9FFF9001DB5B9 /* ContentView.swift */,
				21B50C0228F9FFFA001DB5B9 /* PictureEditor.xcdatamodeld */,
			);
			path = CoreData;
			sourceTree = "<group>";
		};
		215BDC7C28FAE26E00E460B4 /* ImageProcessing */ = {
			isa = PBXGroup;
			children = (
				215BDC7D28FAE2A100E460B4 /* VImageWrapper.swift */,
				213851A928FC78F90091BE94 /* HistogramLevels.swift */,
				213851AB28FC790C0091BE94 /* WrappedImage.swift */,
				213851AD28FC79220091BE94 /* ImageProcessMethod.swift */,
			);
			path = ImageProcessing;
			sourceTree = "<group>";
		};
		21B50BEB28F9FFF9001DB5B9 = {
			isa = PBXGroup;
			children = (
				21B50BF628F9FFF9001DB5B9 /* PictureEditor */,
				21B50C0C28F9FFFA001DB5B9 /* PictureEditorTests */,
				21B50C1628F9FFFA001DB5B9 /* PictureEditorUITests */,
				21B50BF528F9FFF9001DB5B9 /* Products */,
			);
			sourceTree = "<group>";
		};
		21B50BF528F9FFF9001DB5B9 /* Products */ = {
			isa = PBXGroup;
			children = (
				21B50BF428F9FFF9001DB5B9 /* PictureEditor.app */,
				21B50C0928F9FFFA001DB5B9 /* PictureEditorTests.xctest */,
				21B50C1328F9FFFA001DB5B9 /* PictureEditorUITests.xctest */,
			);
			name = Products;
			sourceTree = "<group>";
		};
		21B50BF628F9FFF9001DB5B9 /* PictureEditor */ = {
			isa = PBXGroup;
			children = (
				215BDC7C28FAE26E00E460B4 /* ImageProcessing */,
				21B50BF728F9FFF9001DB5B9 /* PictureEditorApp.swift */,
				215BDC7828FA095800E460B4 /* MainView.swift */,
				215BDC7A28FA138B00E460B4 /* ImageInfoView.swift */,
				21B50BFD28F9FFFA001DB5B9 /* Preview Content */,
				215BDC7728FA091A00E460B4 /* CoreData */,
				21B50BFB28F9FFFA001DB5B9 /* Assets.xcassets */,
				215BDC7F28FAE48500E460B4 /* Notes */,
			);
			path = PictureEditor;
			sourceTree = "<group>";
		};
		21B50BFD28F9FFFA001DB5B9 /* Preview Content */ = {
			isa = PBXGroup;
			children = (
				21B50BFE28F9FFFA001DB5B9 /* Preview Assets.xcassets */,
			);
			path = "Preview Content";
			sourceTree = "<group>";
		};
		21B50C0C28F9FFFA001DB5B9 /* PictureEditorTests */ = {
			isa = PBXGroup;
			children = (
				21B50C0D28F9FFFA001DB5B9 /* PictureEditorTests.swift */,
			);
			path = PictureEditorTests;
			sourceTree = "<group>";
		};
		21B50C1628F9FFFA001DB5B9 /* PictureEditorUITests */ = {
			isa = PBXGroup;
			children = (
				21B50C1728F9FFFA001DB5B9 /* PictureEditorUITests.swift */,
				21B50C1928F9FFFA001DB5B9 /* PictureEditorUITestsLaunchTests.swift */,
			);
			path = PictureEditorUITests;
			sourceTree = "<group>";
		};
/* End PBXGroup section */

/* Begin PBXNativeTarget section */
		21B50BF328F9FFF9001DB5B9 /* PictureEditor */ = {
			isa = PBXNativeTarget;
			buildConfigurationList = 21B50C1D28F9FFFA001DB5B9 /* Build configuration list for PBXNativeTarget "PictureEditor" */;
			buildPhases = (
				21B50BF028F9FFF9001DB5B9 /* Sources */,
				21B50BF128F9FFF9001DB5B9 /* Frameworks */,
				21B50BF228F9FFF9001DB5B9 /* Resources */,
			);
			buildRules = (
			);
			dependencies = (
			);
			name = PictureEditor;
			productName = PictureEditor;
			productReference = 21B50BF428F9FFF9001DB5B9 /* PictureEditor.app */;
			productType = "com.apple.product-type.application";
		};
		21B50C0828F9FFFA001DB5B9 /* PictureEditorTests */ = {
			isa = PBXNativeTarget;
			buildConfigurationList = 21B50C2028F9FFFA001DB5B9 /* Build configuration list for PBXNativeTarget "PictureEditorTests" */;
			buildPhases = (
				21B50C0528F9FFFA001DB5B9 /* Sources */,
				21B50C0628F9FFFA001DB5B9 /* Frameworks */,
				21B50C0728F9FFFA001DB5B9 /* Resources */,
			);
			buildRules = (
			);
			dependencies = (
				21B50C0B28F9FFFA001DB5B9 /* PBXTargetDependency */,
			);
			name = PictureEditorTests;
			productName = PictureEditorTests;
			productReference = 21B50C0928F9FFFA001DB5B9 /* PictureEditorTests.xctest */;
			productType = "com.apple.product-type.bundle.unit-test";
		};
		21B50C1228F9FFFA001DB5B9 /* PictureEditorUITests */ = {
			isa = PBXNativeTarget;
			buildConfigurationList = 21B50C2328F9FFFA001DB5B9 /* Build configuration list for PBXNativeTarget "PictureEditorUITests" */;
			buildPhases = (
				21B50C0F28F9FFFA001DB5B9 /* Sources */,
				21B50C1028F9FFFA001DB5B9 /* Frameworks */,
				21B50C1128F9FFFA001DB5B9 /* Resources */,
			);
			buildRules = (
			);
			dependencies = (
				21B50C1528F9FFFA001DB5B9 /* PBXTargetDependency */,
			);
			name = PictureEditorUITests;
			productName = PictureEditorUITests;
			productReference = 21B50C1328F9FFFA001DB5B9 /* PictureEditorUITests.xctest */;
			productType = "com.apple.product-type.bundle.ui-testing";
		};
/* End PBXNativeTarget section */

/* Begin PBXProject section */
		21B50BEC28F9FFF9001DB5B9 /* Project object */ = {
			isa = PBXProject;
			attributes = {
				BuildIndependentTargetsInParallel = 1;
				LastSwiftUpdateCheck = 1400;
				LastUpgradeCheck = 1400;
				TargetAttributes = {
					21B50BF328F9FFF9001DB5B9 = {
						CreatedOnToolsVersion = 14.0.1;
					};
					21B50C0828F9FFFA001DB5B9 = {
						CreatedOnToolsVersion = 14.0.1;
						TestTargetID = 21B50BF328F9FFF9001DB5B9;
					};
					21B50C1228F9FFFA001DB5B9 = {
						CreatedOnToolsVersion = 14.0.1;
						TestTargetID = 21B50BF328F9FFF9001DB5B9;
					};
				};
			};
			buildConfigurationList = 21B50BEF28F9FFF9001DB5B9 /* Build configuration list for PBXProject "PictureEditor" */;
			compatibilityVersion = "Xcode 14.0";
			developmentRegion = en;
			hasScannedForEncodings = 0;
			knownRegions = (
				en,
				Base,
			);
			mainGroup = 21B50BEB28F9FFF9001DB5B9;
			productRefGroup = 21B50BF528F9FFF9001DB5B9 /* Products */;
			projectDirPath = "";
			projectRoot = "";
			targets = (
				21B50BF328F9FFF9001DB5B9 /* PictureEditor */,
				21B50C0828F9FFFA001DB5B9 /* PictureEditorTests */,
				21B50C1228F9FFFA001DB5B9 /* PictureEditorUITests */,
			);
		};
/* End PBXProject section */

/* Begin PBXResourcesBuildPhase section */
		21B50BF228F9FFF9001DB5B9 /* Resources */ = {
			isa = PBXResourcesBuildPhase;
			buildActionMask = 2147483647;
			files = (
				215BDC8028FAE48500E460B4 /* Notes in Resources */,
				21B50BFF28F9FFFA001DB5B9 /* Preview Assets.xcassets in Resources */,
				21B50BFC28F9FFFA001DB5B9 /* Assets.xcassets in Resources */,
			);
			runOnlyForDeploymentPostprocessing = 0;
		};
		21B50C0728F9FFFA001DB5B9 /* Resources */ = {
			isa = PBXResourcesBuildPhase;
			buildActionMask = 2147483647;
			files = (
			);
			runOnlyForDeploymentPostprocessing = 0;
		};
		21B50C1128F9FFFA001DB5B9 /* Resources */ = {
			isa = PBXResourcesBuildPhase;
			buildActionMask = 2147483647;
			files = (
			);
			runOnlyForDeploymentPostprocessing = 0;
		};
/* End PBXResourcesBuildPhase section */

/* Begin PBXSourcesBuildPhase section */
		21B50BF028F9FFF9001DB5B9 /* Sources */ = {
			isa = PBXSourcesBuildPhase;
			buildActionMask = 2147483647;
			files = (
				213851AC28FC790C0091BE94 /* WrappedImage.swift in Sources */,
				21B50C0128F9FFFA001DB5B9 /* Persistence.swift in Sources */,
				213851AE28FC79220091BE94 /* ImageProcessMethod.swift in Sources */,
				213851AA28FC78F90091BE94 /* HistogramLevels.swift in Sources */,
				21B50C0428F9FFFA001DB5B9 /* PictureEditor.xcdatamodeld in Sources */,
				215BDC7B28FA138B00E460B4 /* ImageInfoView.swift in Sources */,
				21B50BFA28F9FFF9001DB5B9 /* ContentView.swift in Sources */,
				215BDC7928FA095800E460B4 /* MainView.swift in Sources */,
				215BDC7E28FAE2A100E460B4 /* VImageWrapper.swift in Sources */,
				21B50BF828F9FFF9001DB5B9 /* PictureEditorApp.swift in Sources */,
			);
			runOnlyForDeploymentPostprocessing = 0;
		};
		21B50C0528F9FFFA001DB5B9 /* Sources */ = {
			isa = PBXSourcesBuildPhase;
			buildActionMask = 2147483647;
			files = (
				21B50C0E28F9FFFA001DB5B9 /* PictureEditorTests.swift in Sources */,
			);
			runOnlyForDeploymentPostprocessing = 0;
		};
		21B50C0F28F9FFFA001DB5B9 /* Sources */ = {
			isa = PBXSourcesBuildPhase;
			buildActionMask = 2147483647;
			files = (
				21B50C1A28F9FFFA001DB5B9 /* PictureEditorUITestsLaunchTests.swift in Sources */,
				21B50C1828F9FFFA001DB5B9 /* PictureEditorUITests.swift in Sources */,
			);
			runOnlyForDeploymentPostprocessing = 0;
		};
/* End PBXSourcesBuildPhase section */

/* Begin PBXTargetDependency section */
		21B50C0B28F9FFFA001DB5B9 /* PBXTargetDependency */ = {
			isa = PBXTargetDependency;
			target = 21B50BF328F9FFF9001DB5B9 /* PictureEditor */;
			targetProxy = 21B50C0A28F9FFFA001DB5B9 /* PBXContainerItemProxy */;
		};
		21B50C1528F9FFFA001DB5B9 /* PBXTargetDependency */ = {
			isa = PBXTargetDependency;
			target = 21B50BF328F9FFF9001DB5B9 /* PictureEditor */;
			targetProxy = 21B50C1428F9FFFA001DB5B9 /* PBXContainerItemProxy */;
		};
/* End PBXTargetDependency section */

/* Begin XCBuildConfiguration section */
		21B50C1B28F9FFFA001DB5B9 /* Debug */ = {
			isa = XCBuildConfiguration;
			buildSettings = {
				ALWAYS_SEARCH_USER_PATHS = NO;
				CLANG_ANALYZER_NONNULL = YES;
				CLANG_ANALYZER_NUMBER_OBJECT_CONVERSION = YES_AGGRESSIVE;
				CLANG_CXX_LANGUAGE_STANDARD = "gnu++20";
				CLANG_ENABLE_MODULES = YES;
				CLANG_ENABLE_OBJC_ARC = YES;
				CLANG_ENABLE_OBJC_WEAK = YES;
				CLANG_WARN_BLOCK_CAPTURE_AUTORELEASING = YES;
				CLANG_WARN_BOOL_CONVERSION = YES;
				CLANG_WARN_COMMA = YES;
				CLANG_WARN_CONSTANT_CONVERSION = YES;
				CLANG_WARN_DEPRECATED_OBJC_IMPLEMENTATIONS = YES;
				CLANG_WARN_DIRECT_OBJC_ISA_USAGE = YES_ERROR;
				CLANG_WARN_DOCUMENTATION_COMMENTS = YES;
				CLANG_WARN_EMPTY_BODY = YES;
				CLANG_WARN_ENUM_CONVERSION = YES;
				CLANG_WARN_INFINITE_RECURSION = YES;
				CLANG_WARN_INT_CONVERSION = YES;
				CLANG_WARN_NON_LITERAL_NULL_CONVERSION = YES;
				CLANG_WARN_OBJC_IMPLICIT_RETAIN_SELF = YES;
				CLANG_WARN_OBJC_LITERAL_CONVERSION = YES;
				CLANG_WARN_OBJC_ROOT_CLASS = YES_ERROR;
				CLANG_WARN_QUOTED_INCLUDE_IN_FRAMEWORK_HEADER = YES;
				CLANG_WARN_RANGE_LOOP_ANALYSIS = YES;
				CLANG_WARN_STRICT_PROTOTYPES = YES;
				CLANG_WARN_SUSPICIOUS_MOVE = YES;
				CLANG_WARN_UNGUARDED_AVAILABILITY = YES_AGGRESSIVE;
				CLANG_WARN_UNREACHABLE_CODE = YES;
				CLANG_WARN__DUPLICATE_METHOD_MATCH = YES;
				COPY_PHASE_STRIP = NO;
				DEBUG_INFORMATION_FORMAT = dwarf;
				ENABLE_STRICT_OBJC_MSGSEND = YES;
				ENABLE_TESTABILITY = YES;
				GCC_C_LANGUAGE_STANDARD = gnu11;
				GCC_DYNAMIC_NO_PIC = NO;
				GCC_NO_COMMON_BLOCKS = YES;
				GCC_OPTIMIZATION_LEVEL = 0;
				GCC_PREPROCESSOR_DEFINITIONS = (
					"DEBUG=1",
					"$(inherited)",
				);
				GCC_WARN_64_TO_32_BIT_CONVERSION = YES;
				GCC_WARN_ABOUT_RETURN_TYPE = YES_ERROR;
				GCC_WARN_UNDECLARED_SELECTOR = YES;
				GCC_WARN_UNINITIALIZED_AUTOS = YES_AGGRESSIVE;
				GCC_WARN_UNUSED_FUNCTION = YES;
				GCC_WARN_UNUSED_VARIABLE = YES;
				IPHONEOS_DEPLOYMENT_TARGET = 16.0;
				MTL_ENABLE_DEBUG_INFO = INCLUDE_SOURCE;
				MTL_FAST_MATH = YES;
				ONLY_ACTIVE_ARCH = YES;
				SDKROOT = iphoneos;
				SWIFT_ACTIVE_COMPILATION_CONDITIONS = DEBUG;
				SWIFT_OPTIMIZATION_LEVEL = "-Onone";
			};
			name = Debug;
		};
		21B50C1C28F9FFFA001DB5B9 /* Release */ = {
			isa = XCBuildConfiguration;
			buildSettings = {
				ALWAYS_SEARCH_USER_PATHS = NO;
				CLANG_ANALYZER_NONNULL = YES;
				CLANG_ANALYZER_NUMBER_OBJECT_CONVERSION = YES_AGGRESSIVE;
				CLANG_CXX_LANGUAGE_STANDARD = "gnu++20";
				CLANG_ENABLE_MODULES = YES;
				CLANG_ENABLE_OBJC_ARC = YES;
				CLANG_ENABLE_OBJC_WEAK = YES;
				CLANG_WARN_BLOCK_CAPTURE_AUTORELEASING = YES;
				CLANG_WARN_BOOL_CONVERSION = YES;
				CLANG_WARN_COMMA = YES;
				CLANG_WARN_CONSTANT_CONVERSION = YES;
				CLANG_WARN_DEPRECATED_OBJC_IMPLEMENTATIONS = YES;
				CLANG_WARN_DIRECT_OBJC_ISA_USAGE = YES_ERROR;
				CLANG_WARN_DOCUMENTATION_COMMENTS = YES;
				CLANG_WARN_EMPTY_BODY = YES;
				CLANG_WARN_ENUM_CONVERSION = YES;
				CLANG_WARN_INFINITE_RECURSION = YES;
				CLANG_WARN_INT_CONVERSION = YES;
				CLANG_WARN_NON_LITERAL_NULL_CONVERSION = YES;
				CLANG_WARN_OBJC_IMPLICIT_RETAIN_SELF = YES;
				CLANG_WARN_OBJC_LITERAL_CONVERSION = YES;
				CLANG_WARN_OBJC_ROOT_CLASS = YES_ERROR;
				CLANG_WARN_QUOTED_INCLUDE_IN_FRAMEWORK_HEADER = YES;
				CLANG_WARN_RANGE_LOOP_ANALYSIS = YES;
				CLANG_WARN_STRICT_PROTOTYPES = YES;
				CLANG_WARN_SUSPICIOUS_MOVE = YES;
				CLANG_WARN_UNGUARDED_AVAILABILITY = YES_AGGRESSIVE;
				CLANG_WARN_UNREACHABLE_CODE = YES;
				CLANG_WARN__DUPLICATE_METHOD_MATCH = YES;
				COPY_PHASE_STRIP = NO;
				DEBUG_INFORMATION_FORMAT = "dwarf-with-dsym";
				ENABLE_NS_ASSERTIONS = NO;
				ENABLE_STRICT_OBJC_MSGSEND = YES;
				GCC_C_LANGUAGE_STANDARD = gnu11;
				GCC_NO_COMMON_BLOCKS = YES;
				GCC_WARN_64_TO_32_BIT_CONVERSION = YES;
				GCC_WARN_ABOUT_RETURN_TYPE = YES_ERROR;
				GCC_WARN_UNDECLARED_SELECTOR = YES;
				GCC_WARN_UNINITIALIZED_AUTOS = YES_AGGRESSIVE;
				GCC_WARN_UNUSED_FUNCTION = YES;
				GCC_WARN_UNUSED_VARIABLE = YES;
				IPHONEOS_DEPLOYMENT_TARGET = 16.0;
				MTL_ENABLE_DEBUG_INFO = NO;
				MTL_FAST_MATH = YES;
				SDKROOT = iphoneos;
				SWIFT_COMPILATION_MODE = wholemodule;
				SWIFT_OPTIMIZATION_LEVEL = "-O";
				VALIDATE_PRODUCT = YES;
			};
			name = Release;
		};
		21B50C1E28F9FFFA001DB5B9 /* Debug */ = {
			isa = XCBuildConfiguration;
			buildSettings = {
				ASSETCATALOG_COMPILER_APPICON_NAME = AppIcon;
				ASSETCATALOG_COMPILER_GLOBAL_ACCENT_COLOR_NAME = AccentColor;
				CODE_SIGN_STYLE = Automatic;
				CURRENT_PROJECT_VERSION = 1;
				DEVELOPMENT_ASSET_PATHS = "\"PictureEditor/Preview Content\"";
				DEVELOPMENT_TEAM = L5DG6HE4MZ;
				ENABLE_PREVIEWS = YES;
				GENERATE_INFOPLIST_FILE = YES;
				INFOPLIST_KEY_UIApplicationSceneManifest_Generation = YES;
				INFOPLIST_KEY_UIApplicationSupportsIndirectInputEvents = YES;
				INFOPLIST_KEY_UILaunchScreen_Generation = YES;
				INFOPLIST_KEY_UISupportedInterfaceOrientations_iPad = "UIInterfaceOrientationPortrait UIInterfaceOrientationPortraitUpsideDown UIInterfaceOrientationLandscapeLeft UIInterfaceOrientationLandscapeRight";
				INFOPLIST_KEY_UISupportedInterfaceOrientations_iPhone = "UIInterfaceOrientationPortrait UIInterfaceOrientationLandscapeLeft UIInterfaceOrientationLandscapeRight";
				LD_RUNPATH_SEARCH_PATHS = (
					"$(inherited)",
					"@executable_path/Frameworks",
				);
				MARKETING_VERSION = 1.0;
				PRODUCT_BUNDLE_IDENTIFIER = luk.PictureEditor;
				PRODUCT_NAME = "$(TARGET_NAME)";
				SWIFT_EMIT_LOC_STRINGS = YES;
				SWIFT_VERSION = 5.0;
				TARGETED_DEVICE_FAMILY = "1,2";
			};
			name = Debug;
		};
		21B50C1F28F9FFFA001DB5B9 /* Release */ = {
			isa = XCBuildConfiguration;
			buildSettings = {
				ASSETCATALOG_COMPILER_APPICON_NAME = AppIcon;
				ASSETCATALOG_COMPILER_GLOBAL_ACCENT_COLOR_NAME = AccentColor;
				CODE_SIGN_STYLE = Automatic;
				CURRENT_PROJECT_VERSION = 1;
				DEVELOPMENT_ASSET_PATHS = "\"PictureEditor/Preview Content\"";
				DEVELOPMENT_TEAM = L5DG6HE4MZ;
				ENABLE_PREVIEWS = YES;
				GENERATE_INFOPLIST_FILE = YES;
				INFOPLIST_KEY_UIApplicationSceneManifest_Generation = YES;
				INFOPLIST_KEY_UIApplicationSupportsIndirectInputEvents = YES;
				INFOPLIST_KEY_UILaunchScreen_Generation = YES;
				INFOPLIST_KEY_UISupportedInterfaceOrientations_iPad = "UIInterfaceOrientationPortrait UIInterfaceOrientationPortraitUpsideDown UIInterfaceOrientationLandscapeLeft UIInterfaceOrientationLandscapeRight";
				INFOPLIST_KEY_UISupportedInterfaceOrientations_iPhone = "UIInterfaceOrientationPortrait UIInterfaceOrientationLandscapeLeft UIInterfaceOrientationLandscapeRight";
				LD_RUNPATH_SEARCH_PATHS = (
					"$(inherited)",
					"@executable_path/Frameworks",
				);
				MARKETING_VERSION = 1.0;
				PRODUCT_BUNDLE_IDENTIFIER = luk.PictureEditor;
				PRODUCT_NAME = "$(TARGET_NAME)";
				SWIFT_EMIT_LOC_STRINGS = YES;
				SWIFT_VERSION = 5.0;
				TARGETED_DEVICE_FAMILY = "1,2";
			};
			name = Release;
		};
		21B50C2128F9FFFA001DB5B9 /* Debug */ = {
			isa = XCBuildConfiguration;
			buildSettings = {
				ALWAYS_EMBED_SWIFT_STANDARD_LIBRARIES = YES;
				BUNDLE_LOADER = "$(TEST_HOST)";
				CODE_SIGN_STYLE = Automatic;
				CURRENT_PROJECT_VERSION = 1;
				DEVELOPMENT_TEAM = L5DG6HE4MZ;
				GENERATE_INFOPLIST_FILE = YES;
				IPHONEOS_DEPLOYMENT_TARGET = 16.0;
				MARKETING_VERSION = 1.0;
				PRODUCT_BUNDLE_IDENTIFIER = luk.PictureEditorTests;
				PRODUCT_NAME = "$(TARGET_NAME)";
				SWIFT_EMIT_LOC_STRINGS = NO;
				SWIFT_VERSION = 5.0;
				TARGETED_DEVICE_FAMILY = "1,2";
				TEST_HOST = "$(BUILT_PRODUCTS_DIR)/PictureEditor.app/$(BUNDLE_EXECUTABLE_FOLDER_PATH)/PictureEditor";
			};
			name = Debug;
		};
		21B50C2228F9FFFA001DB5B9 /* Release */ = {
			isa = XCBuildConfiguration;
			buildSettings = {
				ALWAYS_EMBED_SWIFT_STANDARD_LIBRARIES = YES;
				BUNDLE_LOADER = "$(TEST_HOST)";
				CODE_SIGN_STYLE = Automatic;
				CURRENT_PROJECT_VERSION = 1;
				DEVELOPMENT_TEAM = L5DG6HE4MZ;
				GENERATE_INFOPLIST_FILE = YES;
				IPHONEOS_DEPLOYMENT_TARGET = 16.0;
				MARKETING_VERSION = 1.0;
				PRODUCT_BUNDLE_IDENTIFIER = luk.PictureEditorTests;
				PRODUCT_NAME = "$(TARGET_NAME)";
				SWIFT_EMIT_LOC_STRINGS = NO;
				SWIFT_VERSION = 5.0;
				TARGETED_DEVICE_FAMILY = "1,2";
				TEST_HOST = "$(BUILT_PRODUCTS_DIR)/PictureEditor.app/$(BUNDLE_EXECUTABLE_FOLDER_PATH)/PictureEditor";
			};
			name = Release;
		};
		21B50C2428F9FFFA001DB5B9 /* Debug */ = {
			isa = XCBuildConfiguration;
			buildSettings = {
				ALWAYS_EMBED_SWIFT_STANDARD_LIBRARIES = YES;
				CODE_SIGN_STYLE = Automatic;
				CURRENT_PROJECT_VERSION = 1;
				DEVELOPMENT_TEAM = L5DG6HE4MZ;
				GENERATE_INFOPLIST_FILE = YES;
				MARKETING_VERSION = 1.0;
				PRODUCT_BUNDLE_IDENTIFIER = luk.PictureEditorUITests;
				PRODUCT_NAME = "$(TARGET_NAME)";
				SWIFT_EMIT_LOC_STRINGS = NO;
				SWIFT_VERSION = 5.0;
				TARGETED_DEVICE_FAMILY = "1,2";
				TEST_TARGET_NAME = PictureEditor;
			};
			name = Debug;
		};
		21B50C2528F9FFFA001DB5B9 /* Release */ = {
			isa = XCBuildConfiguration;
			buildSettings = {
				ALWAYS_EMBED_SWIFT_STANDARD_LIBRARIES = YES;
				CODE_SIGN_STYLE = Automatic;
				CURRENT_PROJECT_VERSION = 1;
				DEVELOPMENT_TEAM = L5DG6HE4MZ;
				GENERATE_INFOPLIST_FILE = YES;
				MARKETING_VERSION = 1.0;
				PRODUCT_BUNDLE_IDENTIFIER = luk.PictureEditorUITests;
				PRODUCT_NAME = "$(TARGET_NAME)";
				SWIFT_EMIT_LOC_STRINGS = NO;
				SWIFT_VERSION = 5.0;
				TARGETED_DEVICE_FAMILY = "1,2";
				TEST_TARGET_NAME = PictureEditor;
			};
			name = Release;
		};
/* End XCBuildConfiguration section */

/* Begin XCConfigurationList section */
		21B50BEF28F9FFF9001DB5B9 /* Build configuration list for PBXProject "PictureEditor" */ = {
			isa = XCConfigurationList;
			buildConfigurations = (
				21B50C1B28F9FFFA001DB5B9 /* Debug */,
				21B50C1C28F9FFFA001DB5B9 /* Release */,
			);
			defaultConfigurationIsVisible = 0;
			defaultConfigurationName = Release;
		};
		21B50C1D28F9FFFA001DB5B9 /* Build configuration list for PBXNativeTarget "PictureEditor" */ = {
			isa = XCConfigurationList;
			buildConfigurations = (
				21B50C1E28F9FFFA001DB5B9 /* Debug */,
				21B50C1F28F9FFFA001DB5B9 /* Release */,
			);
			defaultConfigurationIsVisible = 0;
			defaultConfigurationName = Release;
		};
		21B50C2028F9FFFA001DB5B9 /* Build configuration list for PBXNativeTarget "PictureEditorTests" */ = {
			isa = XCConfigurationList;
			buildConfigurations = (
				21B50C2128F9FFFA001DB5B9 /* Debug */,
				21B50C2228F9FFFA001DB5B9 /* Release */,
			);
			defaultConfigurationIsVisible = 0;
			defaultConfigurationName = Release;
		};
		21B50C2328F9FFFA001DB5B9 /* Build configuration list for PBXNativeTarget "PictureEditorUITests" */ = {
			isa = XCConfigurationList;
			buildConfigurations = (
				21B50C2428F9FFFA001DB5B9 /* Debug */,
				21B50C2528F9FFFA001DB5B9 /* Release */,
			);
			defaultConfigurationIsVisible = 0;
			defaultConfigurationName = Release;
		};
/* End XCConfigurationList section */

/* Begin XCVersionGroup section */
		21B50C0228F9FFFA001DB5B9 /* PictureEditor.xcdatamodeld */ = {
			isa = XCVersionGroup;
			children = (
				21B50C0328F9FFFA001DB5B9 /* PictureEditor.xcdatamodel */,
			);
			currentVersion = 21B50C0328F9FFFA001DB5B9 /* PictureEditor.xcdatamodel */;
			path = PictureEditor.xcdatamodeld;
			sourceTree = "<group>";
			versionGroupType = wrapper.xcdatamodel;
		};
/* End XCVersionGroup section */
	};
	rootObject = 21B50BEC28F9FFF9001DB5B9 /* Project object */;
}
